
Microsoft Visual Studio Solution File, Format Version 12.00
# Visual Studio Version 16
VisualStudioVersion = 16.0.31005.135
MinimumVisualStudioVersion = 10.0.40219.1
Project("{FAE04EC0-301F-11D3-BF4B-00C04F79EFBC}") = "MergePdfFiles", "MergePdfFiles\MergePdfFiles.csproj", "{48243249-2933-4B7A-B88C-58E31FE7C291}"
EndProject
Global
	GlobalSection(SolutionConfigurationPlatforms) = preSolution
		Debug|Any CPU = Debug|Any CPU
		Release|Any CPU = Release|Any CPU
	EndGlobalSection
	GlobalSection(ProjectConfigurationPlatforms) = postSolution
		{48243249-2933-4B7A-B88C-58E31FE7C291}.Debug|Any CPU.ActiveCfg = Debug|Any CPU
		{48243249-2933-4B7A-B88C-58E31FE7C291}.Debug|Any CPU.Build.0 = Debug|Any CPU
		{48243249-2933-4B7A-B88C-58E31FE7C291}.Release|Any CPU.ActiveCfg = Release|Any CPU
		{48243249-2933-4B7A-B88C-58E31FE7C291}.Release|Any CPU.Build.0 = Release|Any CPU
	EndGlobalSection
	GlobalSection(SolutionProperties) = preSolution
		HideSolutionNode = FALSE
	EndGlobalSection
	GlobalSection(ExtensibilityGlobals) = postSolution
		SolutionGuid = {BE4CB69B-496B-4734-9C3A-031AF77FE9B5}
	EndGlobalSection
EndGlobal
